<?xml version="1.0" encoding="utf-8"?>
<Project ToolsVersion="4.0" xmlns="http://schemas.microsoft.com/developer/msbuild/2003">
  <ItemGroup>
    <Filter Include="源文件">
      <UniqueIdentifier>{4FC737F1-C7A5-4376-A066-2A32D752A2FF}</UniqueIdentifier>
      <Extensions>cpp;c;cc;cxx;def;odl;idl;hpj;bat;asm;asmx</Extensions>
    </Filter>
    <Filter Include="头文件">
      <UniqueIdentifier>{93995380-89BD-4b04-88EB-625FBE52EBFB}</UniqueIdentifier>
      <Extensions>h;hh;hpp;hxx;hm;inl;inc;xsd</Extensions>
    </Filter>
    <Filter Include="资源文件">
      <UniqueIdentifier>{67DA6AB6-F800-4c08-8B7A-83BB121AAD01}</UniqueIdentifier>
      <Extensions>rc;ico;cur;bmp;dlg;rc2;rct;bin;rgs;gif;jpg;jpeg;jpe;resx;tiff;tif;png;wav;mfcribbon-ms</Extensions>
    </Filter>
    <Filter Include="头文件\基本排序">
      <UniqueIdentifier>{12ad6e6c-5274-4bb3-966d-b686cfe6512a}</UniqueIdentifier>
    </Filter>
    <Filter Include="头文件\基本排序\选择排序">
      <UniqueIdentifier>{01f5d212-1b99-4e47-aff5-2c927c570f30}</UniqueIdentifier>
    </Filter>
    <Filter Include="头文件\共用头">
      <UniqueIdentifier>{e680adcb-f6ef-4257-a883-615154e498f0}</UniqueIdentifier>
    </Filter>
    <Filter Include="头文件\基本排序\插入排序">
      <UniqueIdentifier>{6d4af4ed-b759-408a-80ab-145577a5b913}</UniqueIdentifier>
    </Filter>
    <Filter Include="头文件\基本排序\冒泡排序">
      <UniqueIdentifier>{92a65214-0083-4e89-8abe-86cebf3b5c92}</UniqueIdentifier>
    </Filter>
    <Filter Include="头文件\基本排序\希尔排序">
      <UniqueIdentifier>{910aaf01-9bda-400e-9fb7-aee8fa4c88ff}</UniqueIdentifier>
    </Filter>
    <Filter Include="头文件\基本排序\归并排序">
      <UniqueIdentifier>{c3afcdfd-0f3a-4f02-aa51-33453486032d}</UniqueIdentifier>
    </Filter>
  </ItemGroup>
  <ItemGroup>
    <ClCompile Include="main.cpp">
      <Filter>源文件</Filter>
    </ClCompile>
  </ItemGroup>
  <ItemGroup>
    <ClInclude Include="SelectionSort.h">
      <Filter>头文件\基本排序\选择排序</Filter>
    </ClInclude>
    <ClInclude Include="GetArray.h">
      <Filter>头文件\共用头</Filter>
    </ClInclude>
    <ClInclude Include="SortTest.h">
      <Filter>头文件\共用头</Filter>
    </ClInclude>
    <ClInclude Include="InsertionSort.h">
      <Filter>头文件\基本排序\插入排序</Filter>
    </ClInclude>
    <ClInclude Include="BubbleSort.h">
      <Filter>头文件\基本排序\冒泡排序</Filter>
    </ClInclude>
    <ClInclude Include="ShellSort.h">
      <Filter>头文件\基本排序\希尔排序</Filter>
    </ClInclude>
    <ClInclude Include="mergeSorting.h">
      <Filter>头文件\基本排序\归并排序</Filter>
    </ClInclude>
  </ItemGroup>
</Project>